{
  "name": "twing-cli",
  "version": "0.0.0",
  "lockfileVersion": 3,
  "requires": true,
  "packages": {
    "": {
      "name": "twing-cli",
      "version": "0.0.0",
      "workspaces": [
        "packages/*",
        "simulator"
      ],
      "devDependencies": {
        "@types/node": "^22.10.2",
        "typescript": "^5.6.3"
      },
      "engines": {
        "node": ">=20"
      }
    },
    "node_modules/@hono/node-server": {
      "version": "2.1.0",
      "license": "MIT",
      "engines": {
        "node": ">=20"
      },
      "peerDependencies": {
        "hono": "^4"
      }
    },
    "node_modules/@twing/cli": {
      "resolved": "packages/cli",
      "link": true
    },
    "node_modules/@twing/core": {
      "resolved": "packages/core",
      "link": true
    },
    "node_modules/@twing/server": {
      "resolved": "packages/server",
      "link": true
    },
    "node_modules/@twing/simulator": {
      "resolved": "simulator",
      "link": true
    },
    "node_modules/@types/node": {
      "version": "22.20.1",
      "dev": true,
      "license": "MIT",
      "dependencies": {
        "undici-types": "~6.21.0"
      }
    },
    "node_modules/balanced-match": {
      "version": "4.0.4",
      "license": "MIT",
      "engines": {
        "node": "18 || 20 || >=22"
      }
    },
    "node_modules/brace-expansion": {
      "version": "5.0.9",
      "license": "MIT",
      "dependencies": {
        "balanced-match": "^4.0.2"
      },
      "engines": {
        "node": "20 || >=22"
      }
    },
    "node_modules/hono": {
      "version": "4.13.1",
      "license": "MIT",
      "engines": {
        "node": ">=16.9.0"
      }
    },
    "node_modules/minimatch": {
      "version": "10.2.6",
      "license": "BlueOak-1.0.0",
      "dependencies": {
        "brace-expansion": "^5.0.8"
      },
      "engines": {
        "node": "18 || 20 || >=22"
      },
      "funding": {
        "url": "https://github.com/sponsors/isaacs"
      }
    },
    "node_modules/node-addon-api": {
      "version": "8.9.1",
      "license": "MIT",
      "engines": {
        "node": "^18 || ^20 || >= 21"
      }
    },
    "node_modules/node-gyp-build": {
      "version": "4.8.4",
      "license": "MIT",
      "bin": {
        "node-gyp-build": "bin.js",
        "node-gyp-build-optional": "optional.js",
        "node-gyp-build-test": "build-test.js"
      }
    },
    "node_modules/tree-sitter-javascript": {
      "version": "0.25.0",
      "hasInstallScript": true,
      "license": "MIT",
      "dependencies": {
        "node-addon-api": "^8.3.1",
        "node-gyp-build": "^4.8.4"
      },
      "peerDependencies": {
        "tree-sitter": "^0.25.0"
      },
      "peerDependenciesMeta": {
        "tree-sitter": {
          "optional": true
        }
      }
    },
    "node_modules/tree-sitter-typescript": {
      "version": "0.23.2",
      "hasInstallScript": true,
      "license": "MIT",
      "dependencies": {
        "node-addon-api": "^8.2.2",
        "node-gyp-build": "^4.8.2",
        "tree-sitter-javascript": "^0.23.1"
      },
      "peerDependencies": {
        "tree-sitter": "^0.21.0"
      },
      "peerDependenciesMeta": {
        "tree-sitter": {
          "optional": true
        }
      }
    },
    "node_modules/tree-sitter-typescript/node_modules/tree-sitter-javascript": {
      "version": "0.23.1",
      "hasInstallScript": true,
      "license": "MIT",
      "dependencies": {
        "node-addon-api": "^8.2.2",
        "node-gyp-build": "^4.8.2"
      },
      "peerDependencies": {
        "tree-sitter": "^0.21.1"
      },
      "peerDependenciesMeta": {
        "tree-sitter": {
          "optional": true
        }
      }
    },
    "node_modules/typescript": {
      "version": "5.9.3",
      "dev": true,
      "license": "Apache-2.0",
      "bin": {
        "tsc": "bin/tsc",
        "tsserver": "bin/tsserver"
      },
      "engines": {
        "node": ">=14.17"
      }
    },
    "node_modules/undici-types": {
      "version": "6.21.0",
      "dev": true,
      "license": "MIT"
    },
    "node_modules/web-tree-sitter": {
      "version": "0.26.12",
      "license": "MIT"
    },
    "node_modules/yaml": {
      "version": "2.9.0",
      "license": "ISC",
      "bin": {
        "yaml": "bin.mjs"
      },
      "engines": {
        "node": ">= 14.6"
      },
      "funding": {
        "url": "https://github.com/sponsors/eemeli"
      }
    },
    "packages/cli": {
      "name": "@twing/cli",
      "version": "0.0.0",
      "license": "MIT OR Apache-2.0",
      "dependencies": {
        "@twing/core": "*",
        "web-tree-sitter": "^0.26.12"
      },
      "bin": {
        "twing": "dist/index.js"
      }
    },
    "packages/core": {
      "name": "@twing/core",
      "version": "0.0.0",
      "license": "MIT OR Apache-2.0",
      "dependencies": {
        "minimatch": "^10.0.1",
        "tree-sitter-javascript": "^0.25.0",
        "tree-sitter-typescript": "^0.23.2",
        "web-tree-sitter": "^0.26.12",
        "yaml": "^2.6.1"
      }
    },
    "packages/server": {
      "name": "@twing/server",
      "version": "0.0.0",
      "license": "AGPL-3.0-only",
      "dependencies": {
        "@hono/node-server": "^2.1.0",
        "@twing/core": "*",
        "hono": "^4.13.1"
      }
    },
    "simulator": {
      "name": "@twing/simulator",
      "version": "0.0.0",
      "license": "MIT OR Apache-2.0",
      "dependencies": {
        "@twing/cli": "*",
        "@twing/core": "*",
        "@twing/server": "*"
      },
      "bin": {
        "twing-simulator": "dist/index.js"
      }
    }
  }
}
